
Microsoft Visual Studio Solution File, Format Version 12.00
# Visual Studio 14
VisualStudioVersion = 14.0.25420.1
MinimumVisualStudioVersion = 10.0.40219.1
Project("{FAE04EC0-301F-11D3-BF4B-00C04F79EFBC}") = "Gip_Website (PRESENTATION)", "Gip_Website\Gip_Website (PRESENTATION).csproj", "{80B16656-CB7C-4844-97C3-0488701BB8D5}"
EndProject
Project("{FAE04EC0-301F-11D3-BF4B-00C04F79EFBC}") = "Gip_Website (DOMAIN)", "Gip_Website (DOMAIN)\Gip_Website (DOMAIN).csproj", "{16DE64D1-E590-416B-8FC5-97F1ADD55EF3}"
EndProject
Global
	GlobalSection(SolutionConfigurationPlatforms) = preSolution
		Debug|Any CPU = Debug|Any CPU
		Release|Any CPU = Release|Any CPU
	EndGlobalSection
	GlobalSection(ProjectConfigurationPlatforms) = postSolution
		{80B16656-CB7C-4844-97C3-0488701BB8D5}.Debug|Any CPU.ActiveCfg = Debug|Any CPU
		{80B16656-CB7C-4844-97C3-0488701BB8D5}.Debug|Any CPU.Build.0 = Debug|Any CPU
		{80B16656-CB7C-4844-97C3-0488701BB8D5}.Release|Any CPU.ActiveCfg = Release|Any CPU
		{80B16656-CB7C-4844-97C3-0488701BB8D5}.Release|Any CPU.Build.0 = Release|Any CPU
		{16DE64D1-E590-416B-8FC5-97F1ADD55EF3}.Debug|Any CPU.ActiveCfg = Debug|Any CPU
		{16DE64D1-E590-416B-8FC5-97F1ADD55EF3}.Debug|Any CPU.Build.0 = Debug|Any CPU
		{16DE64D1-E590-416B-8FC5-97F1ADD55EF3}.Release|Any CPU.ActiveCfg = Release|Any CPU
		{16DE64D1-E590-416B-8FC5-97F1ADD55EF3}.Release|Any CPU.Build.0 = Release|Any CPU
	EndGlobalSection
	GlobalSection(SolutionProperties) = preSolution
		HideSolutionNode = FALSE
	EndGlobalSection
EndGlobal
